
Microsoft Visual Studio Solution File, Format Version 12.00
# Visual Studio Version 17
VisualStudioVersion = 17.6.33723.286
MinimumVisualStudioVersion = 10.0.40219.1
Project("{FAE04EC0-301F-11D3-BF4B-00C04F79EFBC}") = "FactoryMethodPattern", "FactoryMethodPattern.csproj", "{AF7BD7A5-5578-4219-A042-D923DA2377E3}"
EndProject
Global
	GlobalSection(SolutionConfigurationPlatforms) = preSolution
		Debug|Any CPU = Debug|Any CPU
		Release|Any CPU = Release|Any CPU
	EndGlobalSection
	GlobalSection(ProjectConfigurationPlatforms) = postSolution
		{AF7BD7A5-5578-4219-A042-D923DA2377E3}.Debug|Any CPU.ActiveCfg = Debug|Any CPU
		{AF7BD7A5-5578-4219-A042-D923DA2377E3}.Debug|Any CPU.Build.0 = Debug|Any CPU
		{AF7BD7A5-5578-4219-A042-D923DA2377E3}.Release|Any CPU.ActiveCfg = Release|Any CPU
		{AF7BD7A5-5578-4219-A042-D923DA2377E3}.Release|Any CPU.Build.0 = Release|Any CPU
	EndGlobalSection
	GlobalSection(SolutionProperties) = preSolution
		HideSolutionNode = FALSE
	EndGlobalSection
	GlobalSection(ExtensibilityGlobals) = postSolution
		SolutionGuid = {D5F35E34-01D3-438E-86C6-315D471EE7CB}
	EndGlobalSection
EndGlobal
